Microsoft Visual Studio Solution File, Format Version 12.00
# Visual Studio Version 17
VisualStudioVersion = 17.5.2.0
MinimumVisualStudioVersion = 10.0.40219.1
Project("{FAE04EC0-301F-11D3-BF4B-00C04F79EFBC}") = "cse210-unit02-ta", "cse210-unit02-ta.csproj", "{2CEC5E0F-1F47-19B3-0F23-1789FA5632BE}"
EndProject
Global
	GlobalSection(SolutionConfigurationPlatforms) = preSolution
		Debug|Any CPU = Debug|Any CPU
		Release|Any CPU = Release|Any CPU
	EndGlobalSection
	GlobalSection(ProjectConfigurationPlatforms) = postSolution
		{2CEC5E0F-1F47-19B3-0F23-1789FA5632BE}.Debug|Any CPU.ActiveCfg = Debug|Any CPU
		{2CEC5E0F-1F47-19B3-0F23-1789FA5632BE}.Debug|Any CPU.Build.0 = Debug|Any CPU
		{2CEC5E0F-1F47-19B3-0F23-1789FA5632BE}.Release|Any CPU.ActiveCfg = Release|Any CPU
		{2CEC5E0F-1F47-19B3-0F23-1789FA5632BE}.Release|Any CPU.Build.0 = Release|Any CPU
	EndGlobalSection
	GlobalSection(SolutionProperties) = preSolution
		HideSolutionNode = FALSE
	EndGlobalSection
	GlobalSection(ExtensibilityGlobals) = postSolution
		SolutionGuid = {BDA3AF1B-36AA-4453-974E-9B518668D0E9}
	EndGlobalSection
EndGlobal
